{
	"name": "example",
	"version": "1.0.0",
	"lockfileVersion": 3,
	"requires": true,
	"packages": {
		"": {
			"name": "example",
			"version": "1.0.0",
			"license": "ISC",
			"dependencies": {
				"@leawind/seriall": "npm:@jsr/leawind__seriall@^0.3.1"
			}
		},
		"node_modules/@leawind/seriall": {
			"name": "@jsr/leawind__seriall",
			"version": "0.3.1",
			"resolved": "https://npm.jsr.io/~/11/@jsr/leawind__seriall/0.3.1.tgz",
			"integrity": "sha512-UdVBGrFmCRL9NPqGQ/2vuSg7/MiAEaZjZh3a8tGUTJYJKAP46vwlbw1fleq49rcwbczSekUFPlqk5tisDamIkw=="
		}
	}
}
