{
  "version": "4",
  "specifiers": {
    "jsr:@leawind/bimap@0.1": "0.1.0",
    "jsr:@leawind/seriall@~0.5.1": "0.5.1",
    "jsr:@std/assert@1": "1.0.11",
    "jsr:@std/collections@^1.0.10": "1.0.10",
    "jsr:@std/internal@^1.0.5": "1.0.5",
    "jsr:@std/toml@^1.0.3": "1.0.3",
    "jsr:@std/yaml@^1.0.5": "1.0.5"
  },
  "jsr": {
    "@leawind/bimap@0.1.0": {
      "integrity": "d5a7b682e0422ef513226629b2f3257e2fe315fe68a7c4dc5cbd4acc4699968c"
    },
    "@leawind/seriall@0.5.1": {
      "integrity": "7d8dcda9b376f68fdd628ced9ade11eaf625eacf3c2689f8bfa460f45279f609",
      "dependencies": [
        "jsr:@leawind/bimap",
        "jsr:@std/toml",
        "jsr:@std/yaml"
      ]
    },
    "@std/assert@1.0.11": {
      "integrity": "2461ef3c368fe88bc60e186e7744a93112f16fd110022e113a0849e94d1c83c1",
      "dependencies": [
        "jsr:@std/internal"
      ]
    },
    "@std/collections@1.0.10": {
      "integrity": "903af106a3d92970d74e20f7ebff77d9658af9bef4403f1dc42a7801c0575899"
    },
    "@std/internal@1.0.5": {
      "integrity": "54a546004f769c1ac9e025abd15a76b6671ddc9687e2313b67376125650dc7ba"
    },
    "@std/toml@1.0.3": {
      "integrity": "dd5c039860a312779ec19980be000d977ce8f56fadaa073d8f33632f21540ffb",
      "dependencies": [
        "jsr:@std/collections"
      ]
    },
    "@std/yaml@1.0.5": {
      "integrity": "71ba3d334305ee2149391931508b2c293a8490f94a337eef3a09cade1a2a2742"
    }
  },
  "workspace": {
    "dependencies": [
      "jsr:@leawind/seriall@~0.5.1",
      "jsr:@std/assert@1"
    ]
  }
}
